
Microsoft Visual Studio Solution File, Format Version 12.00
# Visual Studio Version 17
VisualStudioVersion = 17.14.36301.6 d17.14
MinimumVisualStudioVersion = 10.0.40219.1
Project("{FAE04EC0-301F-11D3-BF4B-00C04F79EFBC}") = "WebApiShop", "WebApiShop\WebApiShop.csproj", "{6B97857D-2393-411A-91A8-A957064C4B90}"
EndProject
Global
	GlobalSection(SolutionConfigurationPlatforms) = preSolution
		Debug|Any CPU = Debug|Any CPU
		Release|Any CPU = Release|Any CPU
	EndGlobalSection
	GlobalSection(ProjectConfigurationPlatforms) = postSolution
		{6B97857D-2393-411A-91A8-A957064C4B90}.Debug|Any CPU.ActiveCfg = Debug|Any CPU
		{6B97857D-2393-411A-91A8-A957064C4B90}.Debug|Any CPU.Build.0 = Debug|Any CPU
		{6B97857D-2393-411A-91A8-A957064C4B90}.Release|Any CPU.ActiveCfg = Release|Any CPU
		{6B97857D-2393-411A-91A8-A957064C4B90}.Release|Any CPU.Build.0 = Release|Any CPU
	EndGlobalSection
	GlobalSection(SolutionProperties) = preSolution
		HideSolutionNode = FALSE
	EndGlobalSection
	GlobalSection(ExtensibilityGlobals) = postSolution
		SolutionGuid = {41A74C41-49CE-4365-8D88-914D8A96D6B0}
	EndGlobalSection
EndGlobal
